// !$*UTF8*$!
{
	archiveVersion = 1;
	classes = {
	};
	objectVersion = 50;
	objects = {

/* Begin PBXBuildFile section */
		2813487125250AA000178668 /* AppDelegate.swift in Sources */ = {isa = PBXBuildFile; fileRef = 2813487025250AA000178668 /* AppDelegate.swift */; };
		2813487325250AA000178668 /* SceneDelegate.swift in Sources */ = {isa = PBXBuildFile; fileRef = 2813487225250AA000178668 /* SceneDelegate.swift */; };
		2813487525250AA000178668 /* ContentView.swift in Sources */ = {isa = PBXBuildFile; fileRef = 2813487425250AA000178668 /* ContentView.swift */; };
		2813487725250AA100178668 /* Assets.xcassets in Resources */ = {isa = PBXBuildFile; fileRef = 2813487625250AA100178668 /* Assets.xcassets */; };
		2813487A25250AA100178668 /* Preview Assets.xcassets in Resources */ = {isa = PBXBuildFile; fileRef = 2813487925250AA100178668 /* Preview Assets.xcassets */; };
		2813487D25250AA100178668 /* LaunchScreen.storyboard in Resources */ = {isa = PBXBuildFile; fileRef = 2813487B25250AA100178668 /* LaunchScreen.storyboard */; };
		2813488825250CBE00178668 /* MessageView.swift in Sources */ = {isa = PBXBuildFile; fileRef = 2813488725250CBE00178668 /* MessageView.swift */; };
		2813488A25250D9600178668 /* Color+Branding.swift in Sources */ = {isa = PBXBuildFile; fileRef = 2813488925250D9600178668 /* Color+Branding.swift */; };
		2813488D252515E100178668 /* MessagesDispatcher.swift in Sources */ = {isa = PBXBuildFile; fileRef = 2813488C252515E100178668 /* MessagesDispatcher.swift */; };
		2813488F25251B0200178668 /* SpeechSynthesizer.swift in Sources */ = {isa = PBXBuildFile; fileRef = 2813488E25251B0200178668 /* SpeechSynthesizer.swift */; };
		281348912525207700178668 /* DialogueView.swift in Sources */ = {isa = PBXBuildFile; fileRef = 281348902525207700178668 /* DialogueView.swift */; };
/* End PBXBuildFile section */

/* Begin PBXFileReference section */
		2813486D25250AA000178668 /* CornishRex.app */ = {isa = PBXFileReference; explicitFileType = wrapper.application; includeInIndex = 0; path = CornishRex.app; sourceTree = BUILT_PRODUCTS_DIR; };
		2813487025250AA000178668 /* AppDelegate.swift */ = {isa = PBXFileReference; lastKnownFileType = sourcecode.swift; path = AppDelegate.swift; sourceTree = "<group>"; };
		2813487225250AA000178668 /* SceneDelegate.swift */ = {isa = PBXFileReference; lastKnownFileType = sourcecode.swift; path = SceneDelegate.swift; sourceTree = "<group>"; };
		2813487425250AA000178668 /* ContentView.swift */ = {isa = PBXFileReference; lastKnownFileType = sourcecode.swift; path = ContentView.swift; sourceTree = "<group>"; };
		2813487625250AA100178668 /* Assets.xcassets */ = {isa = PBXFileReference; lastKnownFileType = folder.assetcatalog; path = Assets.xcassets; sourceTree = "<group>"; };
		2813487925250AA100178668 /* Preview Assets.xcassets */ = {isa = PBXFileReference; lastKnownFileType = folder.assetcatalog; path = "Preview Assets.xcassets"; sourceTree = "<group>"; };
		2813487C25250AA100178668 /* Base */ = {isa = PBXFileReference; lastKnownFileType = file.storyboard; name = Base; path = Base.lproj/LaunchScreen.storyboard; sourceTree = "<group>"; };
		2813487E25250AA100178668 /* Info.plist */ = {isa = PBXFileReference; lastKnownFileType = text.plist.xml; path = Info.plist; sourceTree = "<group>"; };
		2813488725250CBE00178668 /* MessageView.swift */ = {isa = PBXFileReference; lastKnownFileType = sourcecode.swift; path = MessageView.swift; sourceTree = "<group>"; };
		2813488925250D9600178668 /* Color+Branding.swift */ = {isa = PBXFileReference; lastKnownFileType = sourcecode.swift; path = "Color+Branding.swift"; sourceTree = "<group>"; };
		2813488C252515E100178668 /* MessagesDispatcher.swift */ = {isa = PBXFileReference; lastKnownFileType = sourcecode.swift; path = MessagesDispatcher.swift; sourceTree = "<group>"; };
		2813488E25251B0200178668 /* SpeechSynthesizer.swift */ = {isa = PBXFileReference; lastKnownFileType = sourcecode.swift; path = SpeechSynthesizer.swift; sourceTree = "<group>"; };
		281348902525207700178668 /* DialogueView.swift */ = {isa = PBXFileReference; lastKnownFileType = sourcecode.swift; path = DialogueView.swift; sourceTree = "<group>"; };
/* End PBXFileReference section */

/* Begin PBXFrameworksBuildPhase section */
		2813486A25250AA000178668 /* Frameworks */ = {
			isa = PBXFrameworksBuildPhase;
			buildActionMask = 2147483647;
			files = (
			);
			runOnlyForDeploymentPostprocessing = 0;
		};
/* End PBXFrameworksBuildPhase section */

/* Begin PBXGroup section */
		2813486425250AA000178668 = {
			isa = PBXGroup;
			children = (
				2813486F25250AA000178668 /* CornishRex */,
				2813486E25250AA000178668 /* Products */,
			);
			sourceTree = "<group>";
		};
		2813486E25250AA000178668 /* Products */ = {
			isa = PBXGroup;
			children = (
				2813486D25250AA000178668 /* CornishRex.app */,
			);
			name = Products;
			sourceTree = "<group>";
		};
		2813486F25250AA000178668 /* CornishRex */ = {
			isa = PBXGroup;
			children = (
				2813488B252515C500178668 /* Library */,
				2813487825250AA100178668 /* Preview Content */,
				2813488425250AC700178668 /* Storyboards */,
				2813488525250AD800178668 /* View */,
				2813487625250AA100178668 /* Assets.xcassets */,
				2813487225250AA000178668 /* SceneDelegate.swift */,
				2813487025250AA000178668 /* AppDelegate.swift */,
				2813487E25250AA100178668 /* Info.plist */,
			);
			path = CornishRex;
			sourceTree = "<group>";
		};
		2813487825250AA100178668 /* Preview Content */ = {
			isa = PBXGroup;
			children = (
				2813487925250AA100178668 /* Preview Assets.xcassets */,
			);
			path = "Preview Content";
			sourceTree = "<group>";
		};
		2813488425250AC700178668 /* Storyboards */ = {
			isa = PBXGroup;
			children = (
				2813487B25250AA100178668 /* LaunchScreen.storyboard */,
			);
			path = Storyboards;
			sourceTree = "<group>";
		};
		2813488525250AD800178668 /* View */ = {
			isa = PBXGroup;
			children = (
				2813488625250CB100178668 /* Components */,
				2813487425250AA000178668 /* ContentView.swift */,
			);
			path = View;
			sourceTree = "<group>";
		};
		2813488625250CB100178668 /* Components */ = {
			isa = PBXGroup;
			children = (
				281348902525207700178668 /* DialogueView.swift */,
				2813488725250CBE00178668 /* MessageView.swift */,
			);
			path = Components;
			sourceTree = "<group>";
		};
		2813488B252515C500178668 /* Library */ = {
			isa = PBXGroup;
			children = (
				2813488C252515E100178668 /* MessagesDispatcher.swift */,
				2813488E25251B0200178668 /* SpeechSynthesizer.swift */,
				2813488925250D9600178668 /* Color+Branding.swift */,
			);
			path = Library;
			sourceTree = "<group>";
		};
/* End PBXGroup section */

/* Begin PBXNativeTarget section */
		2813486C25250AA000178668 /* CornishRex */ = {
			isa = PBXNativeTarget;
			buildConfigurationList = 2813488125250AA100178668 /* Build configuration list for PBXNativeTarget "CornishRex" */;
			buildPhases = (
				2813486925250AA000178668 /* Sources */,
				2813486A25250AA000178668 /* Frameworks */,
				2813486B25250AA000178668 /* Resources */,
			);
			buildRules = (
			);
			dependencies = (
			);
			name = CornishRex;
			productName = CornishRex;
			productReference = 2813486D25250AA000178668 /* CornishRex.app */;
			productType = "com.apple.product-type.application";
		};
/* End PBXNativeTarget section */

/* Begin PBXProject section */
		2813486525250AA000178668 /* Project object */ = {
			isa = PBXProject;
			attributes = {
				LastSwiftUpdateCheck = 1130;
				LastUpgradeCheck = 1130;
				ORGANIZATIONNAME = ArtRobot;
				TargetAttributes = {
					2813486C25250AA000178668 = {
						CreatedOnToolsVersion = 11.3;
					};
				};
			};
			buildConfigurationList = 2813486825250AA000178668 /* Build configuration list for PBXProject "CornishRex" */;
			compatibilityVersion = "Xcode 9.3";
			developmentRegion = en;
			hasScannedForEncodings = 0;
			knownRegions = (
				en,
				Base,
			);
			mainGroup = 2813486425250AA000178668;
			productRefGroup = 2813486E25250AA000178668 /* Products */;
			projectDirPath = "";
			projectRoot = "";
			targets = (
				2813486C25250AA000178668 /* CornishRex */,
			);
		};
/* End PBXProject section */

/* Begin PBXResourcesBuildPhase section */
		2813486B25250AA000178668 /* Resources */ = {
			isa = PBXResourcesBuildPhase;
			buildActionMask = 2147483647;
			files = (
				2813487D25250AA100178668 /* LaunchScreen.storyboard in Resources */,
				2813487A25250AA100178668 /* Preview Assets.xcassets in Resources */,
				2813487725250AA100178668 /* Assets.xcassets in Resources */,
			);
			runOnlyForDeploymentPostprocessing = 0;
		};
/* End PBXResourcesBuildPhase section */

/* Begin PBXSourcesBuildPhase section */
		2813486925250AA000178668 /* Sources */ = {
			isa = PBXSourcesBuildPhase;
			buildActionMask = 2147483647;
			files = (
				2813488825250CBE00178668 /* MessageView.swift in Sources */,
				2813487125250AA000178668 /* AppDelegate.swift in Sources */,
				281348912525207700178668 /* DialogueView.swift in Sources */,
				2813487325250AA000178668 /* SceneDelegate.swift in Sources */,
				2813487525250AA000178668 /* ContentView.swift in Sources */,
				2813488D252515E100178668 /* MessagesDispatcher.swift in Sources */,
				2813488F25251B0200178668 /* SpeechSynthesizer.swift in Sources */,
				2813488A25250D9600178668 /* Color+Branding.swift in Sources */,
			);
			runOnlyForDeploymentPostprocessing = 0;
		};
/* End PBXSourcesBuildPhase section */

/* Begin PBXVariantGroup section */
		2813487B25250AA100178668 /* LaunchScreen.storyboard */ = {
			isa = PBXVariantGroup;
			children = (
				2813487C25250AA100178668 /* Base */,
			);
			name = LaunchScreen.storyboard;
			sourceTree = "<group>";
		};
/* End PBXVariantGroup section */

/* Begin XCBuildConfiguration section */
		2813487F25250AA100178668 /* Debug */ = {
			isa = XCBuildConfiguration;
			buildSettings = {
				ALWAYS_SEARCH_USER_PATHS = NO;
				CLANG_ANALYZER_NONNULL = YES;
				CLANG_ANALYZER_NUMBER_OBJECT_CONVERSION = YES_AGGRESSIVE;
				CLANG_CXX_LANGUAGE_STANDARD = "gnu++14";
				CLANG_CXX_LIBRARY = "libc++";
				CLANG_ENABLE_MODULES = YES;
				CLANG_ENABLE_OBJC_ARC = YES;
				CLANG_ENABLE_OBJC_WEAK = YES;
				CLANG_WARN_BLOCK_CAPTURE_AUTORELEASING = YES;
				CLANG_WARN_BOOL_CONVERSION = YES;
				CLANG_WARN_COMMA = YES;
				CLANG_WARN_CONSTANT_CONVERSION = YES;
				CLANG_WARN_DEPRECATED_OBJC_IMPLEMENTATIONS = YES;
				CLANG_WARN_DIRECT_OBJC_ISA_USAGE = YES_ERROR;
				CLANG_WARN_DOCUMENTATION_COMMENTS = YES;
				CLANG_WARN_EMPTY_BODY = YES;
				CLANG_WARN_ENUM_CONVERSION = YES;
				CLANG_WARN_INFINITE_RECURSION = YES;
				CLANG_WARN_INT_CONVERSION = YES;
				CLANG_WARN_NON_LITERAL_NULL_CONVERSION = YES;
				CLANG_WARN_OBJC_IMPLICIT_RETAIN_SELF = YES;
				CLANG_WARN_OBJC_LITERAL_CONVERSION = YES;
				CLANG_WARN_OBJC_ROOT_CLASS = YES_ERROR;
				CLANG_WARN_RANGE_LOOP_ANALYSIS = YES;
				CLANG_WARN_STRICT_PROTOTYPES = YES;
				CLANG_WARN_SUSPICIOUS_MOVE = YES;
				CLANG_WARN_UNGUARDED_AVAILABILITY = YES_AGGRESSIVE;
				CLANG_WARN_UNREACHABLE_CODE = YES;
				CLANG_WARN__DUPLICATE_METHOD_MATCH = YES;
				COPY_PHASE_STRIP = NO;
				DEBUG_INFORMATION_FORMAT = dwarf;
				ENABLE_STRICT_OBJC_MSGSEND = YES;
				ENABLE_TESTABILITY = YES;
				GCC_C_LANGUAGE_STANDARD = gnu11;
				GCC_DYNAMIC_NO_PIC = NO;
				GCC_NO_COMMON_BLOCKS = YES;
				GCC_OPTIMIZATION_LEVEL = 0;
				GCC_PREPROCESSOR_DEFINITIONS = (
					"DEBUG=1",
					"$(inherited)",
				);
				GCC_WARN_64_TO_32_BIT_CONVERSION = YES;
				GCC_WARN_ABOUT_RETURN_TYPE = YES_ERROR;
				GCC_WARN_UNDECLARED_SELECTOR = YES;
				GCC_WARN_UNINITIALIZED_AUTOS = YES_AGGRESSIVE;
				GCC_WARN_UNUSED_FUNCTION = YES;
				GCC_WARN_UNUSED_VARIABLE = YES;
				IPHONEOS_DEPLOYMENT_TARGET = 13.2;
				MTL_ENABLE_DEBUG_INFO = INCLUDE_SOURCE;
				MTL_FAST_MATH = YES;
				ONLY_ACTIVE_ARCH = YES;
				SDKROOT = iphoneos;
				SWIFT_ACTIVE_COMPILATION_CONDITIONS = DEBUG;
				SWIFT_OPTIMIZATION_LEVEL = "-Onone";
			};
			name = Debug;
		};
		2813488025250AA100178668 /* Release */ = {
			isa = XCBuildConfiguration;
			buildSettings = {
				ALWAYS_SEARCH_USER_PATHS = NO;
				CLANG_ANALYZER_NONNULL = YES;
				CLANG_ANALYZER_NUMBER_OBJECT_CONVERSION = YES_AGGRESSIVE;
				CLANG_CXX_LANGUAGE_STANDARD = "gnu++14";
				CLANG_CXX_LIBRARY = "libc++";
				CLANG_ENABLE_MODULES = YES;
				CLANG_ENABLE_OBJC_ARC = YES;
				CLANG_ENABLE_OBJC_WEAK = YES;
				CLANG_WARN_BLOCK_CAPTURE_AUTORELEASING = YES;
				CLANG_WARN_BOOL_CONVERSION = YES;
				CLANG_WARN_COMMA = YES;
				CLANG_WARN_CONSTANT_CONVERSION = YES;
				CLANG_WARN_DEPRECATED_OBJC_IMPLEMENTATIONS = YES;
				CLANG_WARN_DIRECT_OBJC_ISA_USAGE = YES_ERROR;
				CLANG_WARN_DOCUMENTATION_COMMENTS = YES;
				CLANG_WARN_EMPTY_BODY = YES;
				CLANG_WARN_ENUM_CONVERSION = YES;
				CLANG_WARN_INFINITE_RECURSION = YES;
				CLANG_WARN_INT_CONVERSION = YES;
				CLANG_WARN_NON_LITERAL_NULL_CONVERSION = YES;
				CLANG_WARN_OBJC_IMPLICIT_RETAIN_SELF = YES;
				CLANG_WARN_OBJC_LITERAL_CONVERSION = YES;
				CLANG_WARN_OBJC_ROOT_CLASS = YES_ERROR;
				CLANG_WARN_RANGE_LOOP_ANALYSIS = YES;
				CLANG_WARN_STRICT_PROTOTYPES = YES;
				CLANG_WARN_SUSPICIOUS_MOVE = YES;
				CLANG_WARN_UNGUARDED_AVAILABILITY = YES_AGGRESSIVE;
				CLANG_WARN_UNREACHABLE_CODE = YES;
				CLANG_WARN__DUPLICATE_METHOD_MATCH = YES;
				COPY_PHASE_STRIP = NO;
				DEBUG_INFORMATION_FORMAT = "dwarf-with-dsym";
				ENABLE_NS_ASSERTIONS = NO;
				ENABLE_STRICT_OBJC_MSGSEND = YES;
				GCC_C_LANGUAGE_STANDARD = gnu11;
				GCC_NO_COMMON_BLOCKS = YES;
				GCC_WARN_64_TO_32_BIT_CONVERSION = YES;
				GCC_WARN_ABOUT_RETURN_TYPE = YES_ERROR;
				GCC_WARN_UNDECLARED_SELECTOR = YES;
				GCC_WARN_UNINITIALIZED_AUTOS = YES_AGGRESSIVE;
				GCC_WARN_UNUSED_FUNCTION = YES;
				GCC_WARN_UNUSED_VARIABLE = YES;
				IPHONEOS_DEPLOYMENT_TARGET = 13.2;
				MTL_ENABLE_DEBUG_INFO = NO;
				MTL_FAST_MATH = YES;
				SDKROOT = iphoneos;
				SWIFT_COMPILATION_MODE = wholemodule;
				SWIFT_OPTIMIZATION_LEVEL = "-O";
				VALIDATE_PRODUCT = YES;
			};
			name = Release;
		};
		2813488225250AA100178668 /* Debug */ = {
			isa = XCBuildConfiguration;
			buildSettings = {
				ASSETCATALOG_COMPILER_APPICON_NAME = AppIcon;
				CODE_SIGN_STYLE = Automatic;
				DEVELOPMENT_ASSET_PATHS = "\"CornishRex/Preview Content\"";
				DEVELOPMENT_TEAM = B2D32PXVGW;
				ENABLE_PREVIEWS = YES;
				INFOPLIST_FILE = CornishRex/Info.plist;
				IPHONEOS_DEPLOYMENT_TARGET = 13.0;
				LD_RUNPATH_SEARCH_PATHS = (
					"$(inherited)",
					"@executable_path/Frameworks",
				);
				PRODUCT_BUNDLE_IDENTIFIER = pro.beliy.CornishRex;
				PRODUCT_NAME = "$(TARGET_NAME)";
				SWIFT_VERSION = 5.0;
				TARGETED_DEVICE_FAMILY = 1;
			};
			name = Debug;
		};
		2813488325250AA100178668 /* Release */ = {
			isa = XCBuildConfiguration;
			buildSettings = {
				ASSETCATALOG_COMPILER_APPICON_NAME = AppIcon;
				CODE_SIGN_STYLE = Automatic;
				DEVELOPMENT_ASSET_PATHS = "\"CornishRex/Preview Content\"";
				DEVELOPMENT_TEAM = B2D32PXVGW;
				ENABLE_PREVIEWS = YES;
				INFOPLIST_FILE = CornishRex/Info.plist;
				IPHONEOS_DEPLOYMENT_TARGET = 13.0;
				LD_RUNPATH_SEARCH_PATHS = (
					"$(inherited)",
					"@executable_path/Frameworks",
				);
				PRODUCT_BUNDLE_IDENTIFIER = pro.beliy.CornishRex;
				PRODUCT_NAME = "$(TARGET_NAME)";
				SWIFT_VERSION = 5.0;
				TARGETED_DEVICE_FAMILY = 1;
			};
			name = Release;
		};
/* End XCBuildConfiguration section */

/* Begin XCConfigurationList section */
		2813486825250AA000178668 /* Build configuration list for PBXProject "CornishRex" */ = {
			isa = XCConfigurationList;
			buildConfigurations = (
				2813487F25250AA100178668 /* Debug */,
				2813488025250AA100178668 /* Release */,
			);
			defaultConfigurationIsVisible = 0;
			defaultConfigurationName = Release;
		};
		2813488125250AA100178668 /* Build configuration list for PBXNativeTarget "CornishRex" */ = {
			isa = XCConfigurationList;
			buildConfigurations = (
				2813488225250AA100178668 /* Debug */,
				2813488325250AA100178668 /* Release */,
			);
			defaultConfigurationIsVisible = 0;
			defaultConfigurationName = Release;
		};
/* End XCConfigurationList section */
	};
	rootObject = 2813486525250AA000178668 /* Project object */;
}
